// !$*UTF8*$!
{
	archiveVersion = 1;
	classes = {
	};
	objectVersion = 46;
	objects = {

/* Begin PBXBuildFile section */
		4F493E1F19A69152008DDD2D /* MeetingRoomCollectionViewCell.m in Sources */ = {isa = PBXBuildFile; fileRef = 4F493E1E19A69152008DDD2D /* MeetingRoomCollectionViewCell.m */; };
		4F493E2619A7BA69008DDD2D /* Images.xcassets in Resources */ = {isa = PBXBuildFile; fileRef = 4F493E2519A7BA69008DDD2D /* Images.xcassets */; };
		4F5E438F1981866400E807ED /* FeedUserDefaults.m in Sources */ = {isa = PBXBuildFile; fileRef = 4F5E43891981866400E807ED /* FeedUserDefaults.m */; };
		4F5E43901981866400E807ED /* UIColor+Hex.m in Sources */ = {isa = PBXBuildFile; fileRef = 4F5E438C1981866400E807ED /* UIColor+Hex.m */; };
		4F5E43911981866400E807ED /* Utility.m in Sources */ = {isa = PBXBuildFile; fileRef = 4F5E438E1981866400E807ED /* Utility.m */; };
		4F7E0F321981AE8D00B793FD /* InfoPlist.strings in Resources */ = {isa = PBXBuildFile; fileRef = 4F8AB3D3197F010C00173E66 /* InfoPlist.strings */; };
		4F7E0F3C1981B2E000B793FD /* room1front.png in Resources */ = {isa = PBXBuildFile; fileRef = 4F7E0F391981B2E000B793FD /* room1front.png */; };
		4F7E0F3D1981B2E000B793FD /* room2front.png in Resources */ = {isa = PBXBuildFile; fileRef = 4F7E0F3A1981B2E000B793FD /* room2front.png */; };
		4F7E0F3E1981B2E000B793FD /* room3front.png in Resources */ = {isa = PBXBuildFile; fileRef = 4F7E0F3B1981B2E000B793FD /* room3front.png */; };
		4F7E0F531981C7E200B793FD /* PPCircleButton.m in Sources */ = {isa = PBXBuildFile; fileRef = 4F7E0F4D1981C7E200B793FD /* PPCircleButton.m */; };
		4F7E0F541981C7E200B793FD /* PPPinCircleView.m in Sources */ = {isa = PBXBuildFile; fileRef = 4F7E0F4F1981C7E200B793FD /* PPPinCircleView.m */; };
		4F7E0F551981C7E200B793FD /* PPPinPadViewController.m in Sources */ = {isa = PBXBuildFile; fileRef = 4F7E0F511981C7E200B793FD /* PPPinPadViewController.m */; };
		4F7E0F561981C7E200B793FD /* PPPinPadViewController.xib in Resources */ = {isa = PBXBuildFile; fileRef = 4F7E0F521981C7E200B793FD /* PPPinPadViewController.xib */; };
		4F7E0F581981CDB900B793FD /* QuartzCore.framework in Frameworks */ = {isa = PBXBuildFile; fileRef = 4F7E0F571981CDB900B793FD /* QuartzCore.framework */; };
		4F7E0F5A1981CDD500B793FD /* Accelerate.framework in Frameworks */ = {isa = PBXBuildFile; fileRef = 4F7E0F591981CDD500B793FD /* Accelerate.framework */; };
		4F7E0F5E1981D58400B793FD /* WebService.m in Sources */ = {isa = PBXBuildFile; fileRef = 4F7E0F5D1981D58400B793FD /* WebService.m */; };
		4F7E0F611982B9D900B793FD /* User.m in Sources */ = {isa = PBXBuildFile; fileRef = 4F7E0F601982B9D900B793FD /* User.m */; };
		4F7E0F641982E33A00B793FD /* UIImage+ImageEffects.m in Sources */ = {isa = PBXBuildFile; fileRef = 4F7E0F631982E33A00B793FD /* UIImage+ImageEffects.m */; };
		4F7EFD4319ABB69200C6461D /* DayCollectionViewCell.m in Sources */ = {isa = PBXBuildFile; fileRef = 4F7EFD4219ABB69200C6461D /* DayCollectionViewCell.m */; };
		4F8AB3AC197F010C00173E66 /* Foundation.framework in Frameworks */ = {isa = PBXBuildFile; fileRef = 4F8AB3AB197F010C00173E66 /* Foundation.framework */; };
		4F8AB3AE197F010C00173E66 /* CoreGraphics.framework in Frameworks */ = {isa = PBXBuildFile; fileRef = 4F8AB3AD197F010C00173E66 /* CoreGraphics.framework */; };
		4F8AB3B0197F010C00173E66 /* UIKit.framework in Frameworks */ = {isa = PBXBuildFile; fileRef = 4F8AB3AF197F010C00173E66 /* UIKit.framework */; };
		4F8AB3B8197F010C00173E66 /* main.m in Sources */ = {isa = PBXBuildFile; fileRef = 4F8AB3B7197F010C00173E66 /* main.m */; };
		4F8AB3BC197F010C00173E66 /* AppDelegate.m in Sources */ = {isa = PBXBuildFile; fileRef = 4F8AB3BB197F010C00173E66 /* AppDelegate.m */; };
		4F8AB3BF197F010C00173E66 /* Main.storyboard in Resources */ = {isa = PBXBuildFile; fileRef = 4F8AB3BD197F010C00173E66 /* Main.storyboard */; };
		4F8AB3C2197F010C00173E66 /* LoginViewController.m in Sources */ = {isa = PBXBuildFile; fileRef = 4F8AB3C1197F010C00173E66 /* LoginViewController.m */; };
		4F8AB3CB197F010C00173E66 /* XCTest.framework in Frameworks */ = {isa = PBXBuildFile; fileRef = 4F8AB3CA197F010C00173E66 /* XCTest.framework */; };
		4F8AB3CC197F010C00173E66 /* Foundation.framework in Frameworks */ = {isa = PBXBuildFile; fileRef = 4F8AB3AB197F010C00173E66 /* Foundation.framework */; };
		4F8AB3CD197F010C00173E66 /* UIKit.framework in Frameworks */ = {isa = PBXBuildFile; fileRef = 4F8AB3AF197F010C00173E66 /* UIKit.framework */; };
		4F8AB3D5197F010C00173E66 /* InfoPlist.strings in Resources */ = {isa = PBXBuildFile; fileRef = 4F8AB3D3197F010C00173E66 /* InfoPlist.strings */; };
		4F8AB3D7197F010C00173E66 /* Booking_RoomTests.m in Sources */ = {isa = PBXBuildFile; fileRef = 4F8AB3D6197F010C00173E66 /* Booking_RoomTests.m */; };
		4F9C4552199025D8006ABC19 /* MainNavigationController.m in Sources */ = {isa = PBXBuildFile; fileRef = 4F9C4551199025D8006ABC19 /* MainNavigationController.m */; };
		4F9C455619913101006ABC19 /* WelcomeViewController.m in Sources */ = {isa = PBXBuildFile; fileRef = 4F9C455519913101006ABC19 /* WelcomeViewController.m */; };
		4FC01D04199A8E2800EB098D /* RoundImageView.m in Sources */ = {isa = PBXBuildFile; fileRef = 8DD128CE199160A500B0F435 /* RoundImageView.m */; };
		4FDB1ACB199170FD001601C6 /* HomeViewController.m in Sources */ = {isa = PBXBuildFile; fileRef = 4FDB1ACA199170FD001601C6 /* HomeViewController.m */; };
		7EC95BE63E2D4A1691A65A83 /* libPods.a in Frameworks */ = {isa = PBXBuildFile; fileRef = D16CA358B45747B49D6952BE /* libPods.a */; };
		8D316C7619807F9200E4C21C /* RoomDetailsViewController.m in Sources */ = {isa = PBXBuildFile; fileRef = 8D316C7519807F9200E4C21C /* RoomDetailsViewController.m */; };
		8D439B31199AB8A200D5249D /* Car.m in Sources */ = {isa = PBXBuildFile; fileRef = 8D439B2A199AB8A200D5249D /* Car.m */; };
		8D439B32199AB8A200D5249D /* Person.m in Sources */ = {isa = PBXBuildFile; fileRef = 8D439B2C199AB8A200D5249D /* Person.m */; };
		8D439B33199AB8A200D5249D /* Photo.m in Sources */ = {isa = PBXBuildFile; fileRef = 8D439B2E199AB8A200D5249D /* Photo.m */; };
		8D439B34199AB8A200D5249D /* Service.m in Sources */ = {isa = PBXBuildFile; fileRef = 8D439B30199AB8A200D5249D /* Service.m */; };
		8D439B37199AB9FB00D5249D /* MyBookingsTableViewCell.m in Sources */ = {isa = PBXBuildFile; fileRef = 8D439B36199AB9FB00D5249D /* MyBookingsTableViewCell.m */; };
		8D439B3A199AC52F00D5249D /* RoomDetailsCollectionViewCell.m in Sources */ = {isa = PBXBuildFile; fileRef = 8D439B39199AC52F00D5249D /* RoomDetailsCollectionViewCell.m */; };
		8D71E8E119A563140042349F /* RMDisplayLabel.m in Sources */ = {isa = PBXBuildFile; fileRef = 8D71E8DE19A563140042349F /* RMDisplayLabel.m */; };
		8D71E8E219A563140042349F /* RMDownloadIndicator.m in Sources */ = {isa = PBXBuildFile; fileRef = 8D71E8E019A563140042349F /* RMDownloadIndicator.m */; };
		8D71E8E819A636790042349F /* DTCustomColoredAccessory.m in Sources */ = {isa = PBXBuildFile; fileRef = 8D71E8E719A636790042349F /* DTCustomColoredAccessory.m */; };
		8D7EE98A197F169E000878FD /* RootViewController.m in Sources */ = {isa = PBXBuildFile; fileRef = 8D7EE989197F169E000878FD /* RootViewController.m */; };
		8D7EE98D197F1804000878FD /* LeftMenuViewController.m in Sources */ = {isa = PBXBuildFile; fileRef = 8D7EE98C197F1804000878FD /* LeftMenuViewController.m */; };
		8D7EE991197F25E5000878FD /* MenuTableViewCell.m in Sources */ = {isa = PBXBuildFile; fileRef = 8D7EE990197F25E5000878FD /* MenuTableViewCell.m */; };
		8D7EE995197F2631000878FD /* MenuItem.m in Sources */ = {isa = PBXBuildFile; fileRef = 8D7EE994197F2631000878FD /* MenuItem.m */; };
		8D7EE99B19800585000878FD /* MyBookingsViewController.m in Sources */ = {isa = PBXBuildFile; fileRef = 8D7EE99A19800585000878FD /* MyBookingsViewController.m */; };
		8D7EE99E1980059E000878FD /* BookingRoomsViewController.m in Sources */ = {isa = PBXBuildFile; fileRef = 8D7EE99D1980059E000878FD /* BookingRoomsViewController.m */; };
		8D7EE9A1198005C4000878FD /* SuggestionsViewController.m in Sources */ = {isa = PBXBuildFile; fileRef = 8D7EE9A0198005C4000878FD /* SuggestionsViewController.m */; };
		8D7EE9B319802889000878FD /* Localizable.strings in Resources */ = {isa = PBXBuildFile; fileRef = 8D7EE9B519802889000878FD /* Localizable.strings */; };
		8D7EE9BC19805C5A000878FD /* BookingRoomTableViewCell.m in Sources */ = {isa = PBXBuildFile; fileRef = 8D7EE9BB19805C5A000878FD /* BookingRoomTableViewCell.m */; };
		8D7EE9BF19805D6D000878FD /* MeetingRoom.m in Sources */ = {isa = PBXBuildFile; fileRef = 8D7EE9BE19805D6D000878FD /* MeetingRoom.m */; };
		8D82ED9C19ABAA0000B4360D /* BookingStepsViewController.m in Sources */ = {isa = PBXBuildFile; fileRef = 8D82ED9B19ABAA0000B4360D /* BookingStepsViewController.m */; };
		8D82ED9F19ABAF4F00B4360D /* BookingDetailsViewController.m in Sources */ = {isa = PBXBuildFile; fileRef = 8D82ED9E19ABAF4F00B4360D /* BookingDetailsViewController.m */; };
		8D82EDA219ABAFA200B4360D /* BookingAssistantsViewController.m in Sources */ = {isa = PBXBuildFile; fileRef = 8D82EDA119ABAFA200B4360D /* BookingAssistantsViewController.m */; };
		8D82EDA519ABAFE100B4360D /* BookingRoomViewController.m in Sources */ = {isa = PBXBuildFile; fileRef = 8D82EDA419ABAFE100B4360D /* BookingRoomViewController.m */; };
		8D82EDA819ABDAAB00B4360D /* AssistantTableViewCell.m in Sources */ = {isa = PBXBuildFile; fileRef = 8D82EDA719ABDAAB00B4360D /* AssistantTableViewCell.m */; };
		8D82EDAC19ABF6D100B4360D /* AddAssistentViewController.m in Sources */ = {isa = PBXBuildFile; fileRef = 8D82EDAB19ABF6D100B4360D /* AddAssistentViewController.m */; };
		8DA4867D1992CBFF00C350F1 /* Booking.m in Sources */ = {isa = PBXBuildFile; fileRef = 8DA4867C1992CBFF00C350F1 /* Booking.m */; };
		8DA4F592199023E70082A5C7 /* Social.framework in Frameworks */ = {isa = PBXBuildFile; fileRef = 8DA4F591199023E70082A5C7 /* Social.framework */; };
		8DA4F594199023ED0082A5C7 /* Twitter.framework in Frameworks */ = {isa = PBXBuildFile; fileRef = 8DA4F593199023ED0082A5C7 /* Twitter.framework */; };
		8DA4F596199024B40082A5C7 /* Accounts.framework in Frameworks */ = {isa = PBXBuildFile; fileRef = 8DA4F595199024B40082A5C7 /* Accounts.framework */; };
		8DD128C61991608900B0F435 /* FacebookSDK.framework in Frameworks */ = {isa = PBXBuildFile; fileRef = 8DD128C51991608900B0F435 /* FacebookSDK.framework */; };
		8DD128CF199160A500B0F435 /* FHSStream.m in Sources */ = {isa = PBXBuildFile; fileRef = 8DD128C9199160A500B0F435 /* FHSStream.m */; };
		8DD128D0199160A500B0F435 /* FHSTwitterEngine.m in Sources */ = {isa = PBXBuildFile; fileRef = 8DD128CB199160A500B0F435 /* FHSTwitterEngine.m */; };
		8DD6A785199C0FB5003074DA /* HFImageEditorFrameView.m in Sources */ = {isa = PBXBuildFile; fileRef = 8DD6A781199C0FB5003074DA /* HFImageEditorFrameView.m */; };
		8DD6A786199C0FB5003074DA /* HFImageEditorViewController.m in Sources */ = {isa = PBXBuildFile; fileRef = 8DD6A784199C0FB5003074DA /* HFImageEditorViewController.m */; };
		8DD6A789199C100B003074DA /* ImageEditorViewController.m in Sources */ = {isa = PBXBuildFile; fileRef = 8DD6A788199C100B003074DA /* ImageEditorViewController.m */; };
/* End PBXBuildFile section */

/* Begin PBXContainerItemProxy section */
		4F8AB3CE197F010C00173E66 /* PBXContainerItemProxy */ = {
			isa = PBXContainerItemProxy;
			containerPortal = 4F8AB3A0197F010C00173E66 /* Project object */;
			proxyType = 1;
			remoteGlobalIDString = 4F8AB3A7197F010C00173E66;
			remoteInfo = "Booking Room";
		};
/* End PBXContainerItemProxy section */

/* Begin PBXFileReference section */
		37D475F605364C69A3EFF6F1 /* Pods.xcconfig */ = {isa = PBXFileReference; includeInIndex = 1; lastKnownFileType = text.xcconfig; name = Pods.xcconfig; path = Pods/Pods.xcconfig; sourceTree = "<group>"; };
		4F493E1D19A69152008DDD2D /* MeetingRoomCollectionViewCell.h */ = {isa = PBXFileReference; fileEncoding = 4; lastKnownFileType = sourcecode.c.h; name = MeetingRoomCollectionViewCell.h; path = ViewControllers/MeetingRoomCollectionViewCell.h; sourceTree = "<group>"; };
		4F493E1E19A69152008DDD2D /* MeetingRoomCollectionViewCell.m */ = {isa = PBXFileReference; fileEncoding = 4; lastKnownFileType = sourcecode.c.objc; name = MeetingRoomCollectionViewCell.m; path = ViewControllers/MeetingRoomCollectionViewCell.m; sourceTree = "<group>"; };
		4F493E2519A7BA69008DDD2D /* Images.xcassets */ = {isa = PBXFileReference; lastKnownFileType = folder.assetcatalog; path = Images.xcassets; sourceTree = "<group>"; };
		4F5E43881981866400E807ED /* FeedUserDefaults.h */ = {isa = PBXFileReference; fileEncoding = 4; lastKnownFileType = sourcecode.c.h; path = FeedUserDefaults.h; sourceTree = "<group>"; };
		4F5E43891981866400E807ED /* FeedUserDefaults.m */ = {isa = PBXFileReference; fileEncoding = 4; lastKnownFileType = sourcecode.c.objc; path = FeedUserDefaults.m; sourceTree = "<group>"; };
		4F5E438A1981866400E807ED /* TypeDefs.h */ = {isa = PBXFileReference; fileEncoding = 4; lastKnownFileType = sourcecode.c.h; path = TypeDefs.h; sourceTree = "<group>"; };
		4F5E438B1981866400E807ED /* UIColor+Hex.h */ = {isa = PBXFileReference; fileEncoding = 4; lastKnownFileType = sourcecode.c.h; path = "UIColor+Hex.h"; sourceTree = "<group>"; };
		4F5E438C1981866400E807ED /* UIColor+Hex.m */ = {isa = PBXFileReference; fileEncoding = 4; lastKnownFileType = sourcecode.c.objc; path = "UIColor+Hex.m"; sourceTree = "<group>"; };
		4F5E438D1981866400E807ED /* Utility.h */ = {isa = PBXFileReference; fileEncoding = 4; lastKnownFileType = sourcecode.c.h; path = Utility.h; sourceTree = "<group>"; };
		4F5E438E1981866400E807ED /* Utility.m */ = {isa = PBXFileReference; fileEncoding = 4; lastKnownFileType = sourcecode.c.objc; path = Utility.m; sourceTree = "<group>"; };
		4F7E0F311981A4AC00B793FD /* en */ = {isa = PBXFileReference; lastKnownFileType = text.plist.strings; name = en; path = en.lproj/Localizable.strings; sourceTree = "<group>"; };
		4F7E0F391981B2E000B793FD /* room1front.png */ = {isa = PBXFileReference; lastKnownFileType = image.png; path = room1front.png; sourceTree = "<group>"; };
		4F7E0F3A1981B2E000B793FD /* room2front.png */ = {isa = PBXFileReference; lastKnownFileType = image.png; path = room2front.png; sourceTree = "<group>"; };
		4F7E0F3B1981B2E000B793FD /* room3front.png */ = {isa = PBXFileReference; lastKnownFileType = image.png; path = room3front.png; sourceTree = "<group>"; };
		4F7E0F4C1981C7E200B793FD /* PPCircleButton.h */ = {isa = PBXFileReference; fileEncoding = 4; lastKnownFileType = sourcecode.c.h; path = PPCircleButton.h; sourceTree = "<group>"; };
		4F7E0F4D1981C7E200B793FD /* PPCircleButton.m */ = {isa = PBXFileReference; fileEncoding = 4; lastKnownFileType = sourcecode.c.objc; path = PPCircleButton.m; sourceTree = "<group>"; };
		4F7E0F4E1981C7E200B793FD /* PPPinCircleView.h */ = {isa = PBXFileReference; fileEncoding = 4; lastKnownFileType = sourcecode.c.h; path = PPPinCircleView.h; sourceTree = "<group>"; };
		4F7E0F4F1981C7E200B793FD /* PPPinCircleView.m */ = {isa = PBXFileReference; fileEncoding = 4; lastKnownFileType = sourcecode.c.objc; path = PPPinCircleView.m; sourceTree = "<group>"; };
		4F7E0F501981C7E200B793FD /* PPPinPadViewController.h */ = {isa = PBXFileReference; fileEncoding = 4; lastKnownFileType = sourcecode.c.h; path = PPPinPadViewController.h; sourceTree = "<group>"; };
		4F7E0F511981C7E200B793FD /* PPPinPadViewController.m */ = {isa = PBXFileReference; fileEncoding = 4; lastKnownFileType = sourcecode.c.objc; path = PPPinPadViewController.m; sourceTree = "<group>"; };
		4F7E0F521981C7E200B793FD /* PPPinPadViewController.xib */ = {isa = PBXFileReference; fileEncoding = 4; lastKnownFileType = file.xib; path = PPPinPadViewController.xib; sourceTree = "<group>"; };
		4F7E0F571981CDB900B793FD /* QuartzCore.framework */ = {isa = PBXFileReference; lastKnownFileType = wrapper.framework; name = QuartzCore.framework; path = System/Library/Frameworks/QuartzCore.framework; sourceTree = SDKROOT; };
		4F7E0F591981CDD500B793FD /* Accelerate.framework */ = {isa = PBXFileReference; lastKnownFileType = wrapper.framework; name = Accelerate.framework; path = System/Library/Frameworks/Accelerate.framework; sourceTree = SDKROOT; };
		4F7E0F5C1981D58400B793FD /* WebService.h */ = {isa = PBXFileReference; fileEncoding = 4; lastKnownFileType = sourcecode.c.h; path = WebService.h; sourceTree = "<group>"; };
		4F7E0F5D1981D58400B793FD /* WebService.m */ = {isa = PBXFileReference; fileEncoding = 4; lastKnownFileType = sourcecode.c.objc; path = WebService.m; sourceTree = "<group>"; };
		4F7E0F5F1982B9D900B793FD /* User.h */ = {isa = PBXFileReference; fileEncoding = 4; lastKnownFileType = sourcecode.c.h; name = User.h; path = Models/User.h; sourceTree = "<group>"; };
		4F7E0F601982B9D900B793FD /* User.m */ = {isa = PBXFileReference; fileEncoding = 4; lastKnownFileType = sourcecode.c.objc; name = User.m; path = Models/User.m; sourceTree = "<group>"; };
		4F7E0F621982E33A00B793FD /* UIImage+ImageEffects.h */ = {isa = PBXFileReference; fileEncoding = 4; lastKnownFileType = sourcecode.c.h; path = "UIImage+ImageEffects.h"; sourceTree = "<group>"; };
		4F7E0F631982E33A00B793FD /* UIImage+ImageEffects.m */ = {isa = PBXFileReference; fileEncoding = 4; lastKnownFileType = sourcecode.c.objc; path = "UIImage+ImageEffects.m"; sourceTree = "<group>"; };
		4F7EFD4119ABB69200C6461D /* DayCollectionViewCell.h */ = {isa = PBXFileReference; fileEncoding = 4; lastKnownFileType = sourcecode.c.h; name = DayCollectionViewCell.h; path = ViewControllers/DayCollectionViewCell.h; sourceTree = "<group>"; };
		4F7EFD4219ABB69200C6461D /* DayCollectionViewCell.m */ = {isa = PBXFileReference; fileEncoding = 4; lastKnownFileType = sourcecode.c.objc; name = DayCollectionViewCell.m; path = ViewControllers/DayCollectionViewCell.m; sourceTree = "<group>"; };
		4F8AB3A8197F010C00173E66 /* Booking Room.app */ = {isa = PBXFileReference; explicitFileType = wrapper.application; includeInIndex = 0; path = "Booking Room.app"; sourceTree = BUILT_PRODUCTS_DIR; };
		4F8AB3AB197F010C00173E66 /* Foundation.framework */ = {isa = PBXFileReference; lastKnownFileType = wrapper.framework; name = Foundation.framework; path = System/Library/Frameworks/Foundation.framework; sourceTree = SDKROOT; };
		4F8AB3AD197F010C00173E66 /* CoreGraphics.framework */ = {isa = PBXFileReference; lastKnownFileType = wrapper.framework; name = CoreGraphics.framework; path = System/Library/Frameworks/CoreGraphics.framework; sourceTree = SDKROOT; };
		4F8AB3AF197F010C00173E66 /* UIKit.framework */ = {isa = PBXFileReference; lastKnownFileType = wrapper.framework; name = UIKit.framework; path = System/Library/Frameworks/UIKit.framework; sourceTree = SDKROOT; };
		4F8AB3B3197F010C00173E66 /* Booking Room-Info.plist */ = {isa = PBXFileReference; fileEncoding = 4; lastKnownFileType = text.plist.xml; path = "Booking Room-Info.plist"; sourceTree = "<group>"; };
		4F8AB3B7197F010C00173E66 /* main.m */ = {isa = PBXFileReference; lastKnownFileType = sourcecode.c.objc; path = main.m; sourceTree = "<group>"; };
		4F8AB3B9197F010C00173E66 /* Booking Room-Prefix.pch */ = {isa = PBXFileReference; lastKnownFileType = sourcecode.c.h; path = "Booking Room-Prefix.pch"; sourceTree = "<group>"; };
		4F8AB3BA197F010C00173E66 /* AppDelegate.h */ = {isa = PBXFileReference; lastKnownFileType = sourcecode.c.h; path = AppDelegate.h; sourceTree = "<group>"; };
		4F8AB3BB197F010C00173E66 /* AppDelegate.m */ = {isa = PBXFileReference; lastKnownFileType = sourcecode.c.objc; path = AppDelegate.m; sourceTree = "<group>"; };
		4F8AB3BE197F010C00173E66 /* Base */ = {isa = PBXFileReference; lastKnownFileType = file.storyboard; name = Base; path = Base.lproj/Main.storyboard; sourceTree = "<group>"; };
		4F8AB3C0197F010C00173E66 /* LoginViewController.h */ = {isa = PBXFileReference; lastKnownFileType = sourcecode.c.h; name = LoginViewController.h; path = ViewControllers/LoginViewController.h; sourceTree = "<group>"; };
		4F8AB3C1197F010C00173E66 /* LoginViewController.m */ = {isa = PBXFileReference; lastKnownFileType = sourcecode.c.objc; name = LoginViewController.m; path = ViewControllers/LoginViewController.m; sourceTree = "<group>"; };
		4F8AB3C9197F010C00173E66 /* Booking RoomTests.xctest */ = {isa = PBXFileReference; explicitFileType = wrapper.cfbundle; includeInIndex = 0; path = "Booking RoomTests.xctest"; sourceTree = BUILT_PRODUCTS_DIR; };
		4F8AB3CA197F010C00173E66 /* XCTest.framework */ = {isa = PBXFileReference; lastKnownFileType = wrapper.framework; name = XCTest.framework; path = Library/Frameworks/XCTest.framework; sourceTree = DEVELOPER_DIR; };
		4F8AB3D2197F010C00173E66 /* Booking RoomTests-Info.plist */ = {isa = PBXFileReference; lastKnownFileType = text.plist.xml; path = "Booking RoomTests-Info.plist"; sourceTree = "<group>"; };
		4F8AB3D4197F010C00173E66 /* en */ = {isa = PBXFileReference; lastKnownFileType = text.plist.strings; name = en; path = en.lproj/InfoPlist.strings; sourceTree = "<group>"; };
		4F8AB3D6197F010C00173E66 /* Booking_RoomTests.m */ = {isa = PBXFileReference; lastKnownFileType = sourcecode.c.objc; path = Booking_RoomTests.m; sourceTree = "<group>"; };
		4F9C4550199025D8006ABC19 /* MainNavigationController.h */ = {isa = PBXFileReference; fileEncoding = 4; lastKnownFileType = sourcecode.c.h; name = MainNavigationController.h; path = ViewControllers/MainNavigationController.h; sourceTree = "<group>"; };
		4F9C4551199025D8006ABC19 /* MainNavigationController.m */ = {isa = PBXFileReference; fileEncoding = 4; lastKnownFileType = sourcecode.c.objc; name = MainNavigationController.m; path = ViewControllers/MainNavigationController.m; sourceTree = "<group>"; };
		4F9C455419913101006ABC19 /* WelcomeViewController.h */ = {isa = PBXFileReference; fileEncoding = 4; lastKnownFileType = sourcecode.c.h; name = WelcomeViewController.h; path = ViewControllers/WelcomeViewController.h; sourceTree = "<group>"; };
		4F9C455519913101006ABC19 /* WelcomeViewController.m */ = {isa = PBXFileReference; fileEncoding = 4; lastKnownFileType = sourcecode.c.objc; name = WelcomeViewController.m; path = ViewControllers/WelcomeViewController.m; sourceTree = "<group>"; };
		4FDB1AC9199170FD001601C6 /* HomeViewController.h */ = {isa = PBXFileReference; fileEncoding = 4; lastKnownFileType = sourcecode.c.h; name = HomeViewController.h; path = ViewControllers/HomeViewController.h; sourceTree = "<group>"; };
		4FDB1ACA199170FD001601C6 /* HomeViewController.m */ = {isa = PBXFileReference; fileEncoding = 4; lastKnownFileType = sourcecode.c.objc; name = HomeViewController.m; path = ViewControllers/HomeViewController.m; sourceTree = "<group>"; };
		8D316C7419807F9200E4C21C /* RoomDetailsViewController.h */ = {isa = PBXFileReference; fileEncoding = 4; lastKnownFileType = sourcecode.c.h; name = RoomDetailsViewController.h; path = ViewControllers/RoomDetailsViewController.h; sourceTree = "<group>"; };
		8D316C7519807F9200E4C21C /* RoomDetailsViewController.m */ = {isa = PBXFileReference; fileEncoding = 4; lastKnownFileType = sourcecode.c.objc; name = RoomDetailsViewController.m; path = ViewControllers/RoomDetailsViewController.m; sourceTree = "<group>"; };
		8D439B29199AB8A200D5249D /* Car.h */ = {isa = PBXFileReference; fileEncoding = 4; lastKnownFileType = sourcecode.c.h; name = Car.h; path = Models/Car.h; sourceTree = "<group>"; };
		8D439B2A199AB8A200D5249D /* Car.m */ = {isa = PBXFileReference; fileEncoding = 4; lastKnownFileType = sourcecode.c.objc; name = Car.m; path = Models/Car.m; sourceTree = "<group>"; };
		8D439B2B199AB8A200D5249D /* Person.h */ = {isa = PBXFileReference; fileEncoding = 4; lastKnownFileType = sourcecode.c.h; name = Person.h; path = Models/Person.h; sourceTree = "<group>"; };
		8D439B2C199AB8A200D5249D /* Person.m */ = {isa = PBXFileReference; fileEncoding = 4; lastKnownFileType = sourcecode.c.objc; name = Person.m; path = Models/Person.m; sourceTree = "<group>"; };
		8D439B2D199AB8A200D5249D /* Photo.h */ = {isa = PBXFileReference; fileEncoding = 4; lastKnownFileType = sourcecode.c.h; name = Photo.h; path = Models/Photo.h; sourceTree = "<group>"; };
		8D439B2E199AB8A200D5249D /* Photo.m */ = {isa = PBXFileReference; fileEncoding = 4; lastKnownFileType = sourcecode.c.objc; name = Photo.m; path = Models/Photo.m; sourceTree = "<group>"; };
		8D439B2F199AB8A200D5249D /* Service.h */ = {isa = PBXFileReference; fileEncoding = 4; lastKnownFileType = sourcecode.c.h; name = Service.h; path = Models/Service.h; sourceTree = "<group>"; };
		8D439B30199AB8A200D5249D /* Service.m */ = {isa = PBXFileReference; fileEncoding = 4; lastKnownFileType = sourcecode.c.objc; name = Service.m; path = Models/Service.m; sourceTree = "<group>"; };
		8D439B35199AB9FB00D5249D /* MyBookingsTableViewCell.h */ = {isa = PBXFileReference; fileEncoding = 4; lastKnownFileType = sourcecode.c.h; name = MyBookingsTableViewCell.h; path = ViewControllers/MyBookingsTableViewCell.h; sourceTree = "<group>"; };
		8D439B36199AB9FB00D5249D /* MyBookingsTableViewCell.m */ = {isa = PBXFileReference; fileEncoding = 4; lastKnownFileType = sourcecode.c.objc; name = MyBookingsTableViewCell.m; path = ViewControllers/MyBookingsTableViewCell.m; sourceTree = "<group>"; };
		8D439B38199AC52F00D5249D /* RoomDetailsCollectionViewCell.h */ = {isa = PBXFileReference; fileEncoding = 4; lastKnownFileType = sourcecode.c.h; name = RoomDetailsCollectionViewCell.h; path = ViewControllers/RoomDetailsCollectionViewCell.h; sourceTree = "<group>"; };
		8D439B39199AC52F00D5249D /* RoomDetailsCollectionViewCell.m */ = {isa = PBXFileReference; fileEncoding = 4; lastKnownFileType = sourcecode.c.objc; name = RoomDetailsCollectionViewCell.m; path = ViewControllers/RoomDetailsCollectionViewCell.m; sourceTree = "<group>"; };
		8D71E8DD19A563140042349F /* RMDisplayLabel.h */ = {isa = PBXFileReference; fileEncoding = 4; lastKnownFileType = sourcecode.c.h; path = RMDisplayLabel.h; sourceTree = "<group>"; };
		8D71E8DE19A563140042349F /* RMDisplayLabel.m */ = {isa = PBXFileReference; fileEncoding = 4; lastKnownFileType = sourcecode.c.objc; path = RMDisplayLabel.m; sourceTree = "<group>"; };
		8D71E8DF19A563140042349F /* RMDownloadIndicator.h */ = {isa = PBXFileReference; fileEncoding = 4; lastKnownFileType = sourcecode.c.h; path = RMDownloadIndicator.h; sourceTree = "<group>"; };
		8D71E8E019A563140042349F /* RMDownloadIndicator.m */ = {isa = PBXFileReference; fileEncoding = 4; lastKnownFileType = sourcecode.c.objc; path = RMDownloadIndicator.m; sourceTree = "<group>"; };
		8D71E8E619A636790042349F /* DTCustomColoredAccessory.h */ = {isa = PBXFileReference; fileEncoding = 4; lastKnownFileType = sourcecode.c.h; path = DTCustomColoredAccessory.h; sourceTree = "<group>"; };
		8D71E8E719A636790042349F /* DTCustomColoredAccessory.m */ = {isa = PBXFileReference; fileEncoding = 4; lastKnownFileType = sourcecode.c.objc; path = DTCustomColoredAccessory.m; sourceTree = "<group>"; };
		8D7EE988197F169E000878FD /* RootViewController.h */ = {isa = PBXFileReference; fileEncoding = 4; lastKnownFileType = sourcecode.c.h; name = RootViewController.h; path = ViewControllers/RootViewController.h; sourceTree = "<group>"; };
		8D7EE989197F169E000878FD /* RootViewController.m */ = {isa = PBXFileReference; fileEncoding = 4; lastKnownFileType = sourcecode.c.objc; name = RootViewController.m; path = ViewControllers/RootViewController.m; sourceTree = "<group>"; };
		8D7EE98B197F1804000878FD /* LeftMenuViewController.h */ = {isa = PBXFileReference; fileEncoding = 4; lastKnownFileType = sourcecode.c.h; name = LeftMenuViewController.h; path = ViewControllers/LeftMenuViewController.h; sourceTree = "<group>"; };
		8D7EE98C197F1804000878FD /* LeftMenuViewController.m */ = {isa = PBXFileReference; fileEncoding = 4; lastKnownFileType = sourcecode.c.objc; name = LeftMenuViewController.m; path = ViewControllers/LeftMenuViewController.m; sourceTree = "<group>"; };
		8D7EE98F197F25E5000878FD /* MenuTableViewCell.h */ = {isa = PBXFileReference; fileEncoding = 4; lastKnownFileType = sourcecode.c.h; name = MenuTableViewCell.h; path = ViewControllers/MenuTableViewCell.h; sourceTree = "<group>"; };
		8D7EE990197F25E5000878FD /* MenuTableViewCell.m */ = {isa = PBXFileReference; fileEncoding = 4; lastKnownFileType = sourcecode.c.objc; name = MenuTableViewCell.m; path = ViewControllers/MenuTableViewCell.m; sourceTree = "<group>"; };
		8D7EE993197F2631000878FD /* MenuItem.h */ = {isa = PBXFileReference; fileEncoding = 4; lastKnownFileType = sourcecode.c.h; name = MenuItem.h; path = Models/MenuItem.h; sourceTree = "<group>"; };
		8D7EE994197F2631000878FD /* MenuItem.m */ = {isa = PBXFileReference; fileEncoding = 4; lastKnownFileType = sourcecode.c.objc; name = MenuItem.m; path = Models/MenuItem.m; sourceTree = "<group>"; };
		8D7EE99919800585000878FD /* MyBookingsViewController.h */ = {isa = PBXFileReference; fileEncoding = 4; lastKnownFileType = sourcecode.c.h; name = MyBookingsViewController.h; path = ViewControllers/MyBookingsViewController.h; sourceTree = "<group>"; };
		8D7EE99A19800585000878FD /* MyBookingsViewController.m */ = {isa = PBXFileReference; fileEncoding = 4; lastKnownFileType = sourcecode.c.objc; name = MyBookingsViewController.m; path = ViewControllers/MyBookingsViewController.m; sourceTree = "<group>"; };
		8D7EE99C1980059E000878FD /* BookingRoomsViewController.h */ = {isa = PBXFileReference; fileEncoding = 4; lastKnownFileType = sourcecode.c.h; name = BookingRoomsViewController.h; path = ViewControllers/BookingRoomsViewController.h; sourceTree = "<group>"; };
		8D7EE99D1980059E000878FD /* BookingRoomsViewController.m */ = {isa = PBXFileReference; fileEncoding = 4; lastKnownFileType = sourcecode.c.objc; name = BookingRoomsViewController.m; path = ViewControllers/BookingRoomsViewController.m; sourceTree = "<group>"; };
		8D7EE9A0198005C4000878FD /* SuggestionsViewController.m */ = {isa = PBXFileReference; fileEncoding = 4; lastKnownFileType = sourcecode.c.objc; name = SuggestionsViewController.m; path = ViewControllers/SuggestionsViewController.m; sourceTree = "<group>"; };
		8D7EE9AC198025D7000878FD /* es */ = {isa = PBXFileReference; lastKnownFileType = text.plist.strings; name = es; path = es.lproj/Main.strings; sourceTree = "<group>"; };
		8D7EE9AD198025D7000878FD /* es */ = {isa = PBXFileReference; lastKnownFileType = text.plist.strings; name = es; path = es.lproj/InfoPlist.strings; sourceTree = "<group>"; };
		8D7EE9AE198025D7000878FD /* es */ = {isa = PBXFileReference; lastKnownFileType = text.plist.strings; name = es; path = es.lproj/InfoPlist.strings; sourceTree = "<group>"; };
		8D7EE9B019802636000878FD /* en */ = {isa = PBXFileReference; lastKnownFileType = text.plist.strings; name = en; path = en.lproj/Main.strings; sourceTree = "<group>"; };
		8D7EE9B61980288E000878FD /* Base */ = {isa = PBXFileReference; lastKnownFileType = text.plist.strings; name = Base; path = Base.lproj/Localizable.strings; sourceTree = "<group>"; };
		8D7EE9B719802890000878FD /* es */ = {isa = PBXFileReference; lastKnownFileType = text.plist.strings; name = es; path = es.lproj/Localizable.strings; sourceTree = "<group>"; };
		8D7EE9B8198052D0000878FD /* SuggestionsViewController.h */ = {isa = PBXFileReference; fileEncoding = 4; lastKnownFileType = sourcecode.c.h; name = SuggestionsViewController.h; path = ViewControllers/SuggestionsViewController.h; sourceTree = "<group>"; };
		8D7EE9BA19805C59000878FD /* BookingRoomTableViewCell.h */ = {isa = PBXFileReference; fileEncoding = 4; lastKnownFileType = sourcecode.c.h; name = BookingRoomTableViewCell.h; path = ViewControllers/BookingRoomTableViewCell.h; sourceTree = "<group>"; };
		8D7EE9BB19805C5A000878FD /* BookingRoomTableViewCell.m */ = {isa = PBXFileReference; fileEncoding = 4; lastKnownFileType = sourcecode.c.objc; name = BookingRoomTableViewCell.m; path = ViewControllers/BookingRoomTableViewCell.m; sourceTree = "<group>"; };
		8D7EE9BD19805D6D000878FD /* MeetingRoom.h */ = {isa = PBXFileReference; fileEncoding = 4; lastKnownFileType = sourcecode.c.h; name = MeetingRoom.h; path = Models/MeetingRoom.h; sourceTree = "<group>"; };
		8D7EE9BE19805D6D000878FD /* MeetingRoom.m */ = {isa = PBXFileReference; fileEncoding = 4; lastKnownFileType = sourcecode.c.objc; name = MeetingRoom.m; path = Models/MeetingRoom.m; sourceTree = "<group>"; };
		8D82ED9A19ABAA0000B4360D /* BookingStepsViewController.h */ = {isa = PBXFileReference; fileEncoding = 4; lastKnownFileType = sourcecode.c.h; name = BookingStepsViewController.h; path = ViewControllers/BookingStepsViewController.h; sourceTree = "<group>"; };
		8D82ED9B19ABAA0000B4360D /* BookingStepsViewController.m */ = {isa = PBXFileReference; fileEncoding = 4; lastKnownFileType = sourcecode.c.objc; name = BookingStepsViewController.m; path = ViewControllers/BookingStepsViewController.m; sourceTree = "<group>"; };
		8D82ED9D19ABAF4F00B4360D /* BookingDetailsViewController.h */ = {isa = PBXFileReference; fileEncoding = 4; lastKnownFileType = sourcecode.c.h; name = BookingDetailsViewController.h; path = ViewControllers/BookingDetailsViewController.h; sourceTree = "<group>"; };
		8D82ED9E19ABAF4F00B4360D /* BookingDetailsViewController.m */ = {isa = PBXFileReference; fileEncoding = 4; lastKnownFileType = sourcecode.c.objc; name = BookingDetailsViewController.m; path = ViewControllers/BookingDetailsViewController.m; sourceTree = "<group>"; };
		8D82EDA019ABAFA200B4360D /* BookingAssistantsViewController.h */ = {isa = PBXFileReference; fileEncoding = 4; lastKnownFileType = sourcecode.c.h; name = BookingAssistantsViewController.h; path = ViewControllers/BookingAssistantsViewController.h; sourceTree = "<group>"; };
		8D82EDA119ABAFA200B4360D /* BookingAssistantsViewController.m */ = {isa = PBXFileReference; fileEncoding = 4; lastKnownFileType = sourcecode.c.objc; name = BookingAssistantsViewController.m; path = ViewControllers/BookingAssistantsViewController.m; sourceTree = "<group>"; };
		8D82EDA319ABAFE100B4360D /* BookingRoomViewController.h */ = {isa = PBXFileReference; fileEncoding = 4; lastKnownFileType = sourcecode.c.h; name = BookingRoomViewController.h; path = ViewControllers/BookingRoomViewController.h; sourceTree = "<group>"; };
		8D82EDA419ABAFE100B4360D /* BookingRoomViewController.m */ = {isa = PBXFileReference; fileEncoding = 4; lastKnownFileType = sourcecode.c.objc; name = BookingRoomViewController.m; path = ViewControllers/BookingRoomViewController.m; sourceTree = "<group>"; };
		8D82EDA619ABDAAB00B4360D /* AssistantTableViewCell.h */ = {isa = PBXFileReference; fileEncoding = 4; lastKnownFileType = sourcecode.c.h; name = AssistantTableViewCell.h; path = ViewControllers/AssistantTableViewCell.h; sourceTree = "<group>"; };
		8D82EDA719ABDAAB00B4360D /* AssistantTableViewCell.m */ = {isa = PBXFileReference; fileEncoding = 4; lastKnownFileType = sourcecode.c.objc; name = AssistantTableViewCell.m; path = ViewControllers/AssistantTableViewCell.m; sourceTree = "<group>"; };
		8D82EDAA19ABF6D100B4360D /* AddAssistentViewController.h */ = {isa = PBXFileReference; fileEncoding = 4; lastKnownFileType = sourcecode.c.h; name = AddAssistentViewController.h; path = ViewControllers/AddAssistentViewController.h; sourceTree = "<group>"; };
		8D82EDAB19ABF6D100B4360D /* AddAssistentViewController.m */ = {isa = PBXFileReference; fileEncoding = 4; lastKnownFileType = sourcecode.c.objc; name = AddAssistentViewController.m; path = ViewControllers/AddAssistentViewController.m; sourceTree = "<group>"; };
		8DA4867B1992CBFF00C350F1 /* Booking.h */ = {isa = PBXFileReference; fileEncoding = 4; lastKnownFileType = sourcecode.c.h; name = Booking.h; path = Models/Booking.h; sourceTree = "<group>"; };
		8DA4867C1992CBFF00C350F1 /* Booking.m */ = {isa = PBXFileReference; fileEncoding = 4; lastKnownFileType = sourcecode.c.objc; name = Booking.m; path = Models/Booking.m; sourceTree = "<group>"; };
		8DA4F591199023E70082A5C7 /* Social.framework */ = {isa = PBXFileReference; lastKnownFileType = wrapper.framework; name = Social.framework; path = System/Library/Frameworks/Social.framework; sourceTree = SDKROOT; };
		8DA4F593199023ED0082A5C7 /* Twitter.framework */ = {isa = PBXFileReference; lastKnownFileType = wrapper.framework; name = Twitter.framework; path = System/Library/Frameworks/Twitter.framework; sourceTree = SDKROOT; };
		8DA4F595199024B40082A5C7 /* Accounts.framework */ = {isa = PBXFileReference; lastKnownFileType = wrapper.framework; name = Accounts.framework; path = System/Library/Frameworks/Accounts.framework; sourceTree = SDKROOT; };
		8DD128C51991608900B0F435 /* FacebookSDK.framework */ = {isa = PBXFileReference; lastKnownFileType = wrapper.framework; path = FacebookSDK.framework; sourceTree = "<group>"; };
		8DD128C8199160A500B0F435 /* FHSStream.h */ = {isa = PBXFileReference; fileEncoding = 4; lastKnownFileType = sourcecode.c.h; path = FHSStream.h; sourceTree = "<group>"; };
		8DD128C9199160A500B0F435 /* FHSStream.m */ = {isa = PBXFileReference; fileEncoding = 4; lastKnownFileType = sourcecode.c.objc; path = FHSStream.m; sourceTree = "<group>"; };
		8DD128CA199160A500B0F435 /* FHSTwitterEngine.h */ = {isa = PBXFileReference; fileEncoding = 4; lastKnownFileType = sourcecode.c.h; path = FHSTwitterEngine.h; sourceTree = "<group>"; };
		8DD128CB199160A500B0F435 /* FHSTwitterEngine.m */ = {isa = PBXFileReference; fileEncoding = 4; lastKnownFileType = sourcecode.c.objc; path = FHSTwitterEngine.m; sourceTree = "<group>"; };
		8DD128CD199160A500B0F435 /* RoundImageView.h */ = {isa = PBXFileReference; fileEncoding = 4; lastKnownFileType = sourcecode.c.h; path = RoundImageView.h; sourceTree = "<group>"; };
		8DD128CE199160A500B0F435 /* RoundImageView.m */ = {isa = PBXFileReference; fileEncoding = 4; lastKnownFileType = sourcecode.c.objc; path = RoundImageView.m; sourceTree = "<group>"; };
		8DD128D2199182A300B0F435 /* MobileCoreServices.framework */ = {isa = PBXFileReference; lastKnownFileType = wrapper.framework; name = MobileCoreServices.framework; path = System/Library/Frameworks/MobileCoreServices.framework; sourceTree = SDKROOT; };
		8DD6A780199C0FB5003074DA /* HFImageEditorFrameView.h */ = {isa = PBXFileReference; fileEncoding = 4; lastKnownFileType = sourcecode.c.h; path = HFImageEditorFrameView.h; sourceTree = "<group>"; };
		8DD6A781199C0FB5003074DA /* HFImageEditorFrameView.m */ = {isa = PBXFileReference; fileEncoding = 4; lastKnownFileType = sourcecode.c.objc; path = HFImageEditorFrameView.m; sourceTree = "<group>"; };
		8DD6A782199C0FB5003074DA /* HFImageEditorViewController+Private.h */ = {isa = PBXFileReference; fileEncoding = 4; lastKnownFileType = sourcecode.c.h; path = "HFImageEditorViewController+Private.h"; sourceTree = "<group>"; };
		8DD6A783199C0FB5003074DA /* HFImageEditorViewController.h */ = {isa = PBXFileReference; fileEncoding = 4; lastKnownFileType = sourcecode.c.h; path = HFImageEditorViewController.h; sourceTree = "<group>"; };
		8DD6A784199C0FB5003074DA /* HFImageEditorViewController.m */ = {isa = PBXFileReference; fileEncoding = 4; lastKnownFileType = sourcecode.c.objc; path = HFImageEditorViewController.m; sourceTree = "<group>"; };
		8DD6A787199C100B003074DA /* ImageEditorViewController.h */ = {isa = PBXFileReference; fileEncoding = 4; lastKnownFileType = sourcecode.c.h; name = ImageEditorViewController.h; path = ViewControllers/ImageEditorViewController.h; sourceTree = "<group>"; };
		8DD6A788199C100B003074DA /* ImageEditorViewController.m */ = {isa = PBXFileReference; fileEncoding = 4; lastKnownFileType = sourcecode.c.objc; name = ImageEditorViewController.m; path = ViewControllers/ImageEditorViewController.m; sourceTree = "<group>"; };
		D16CA358B45747B49D6952BE /* libPods.a */ = {isa = PBXFileReference; explicitFileType = archive.ar; includeInIndex = 0; path = libPods.a; sourceTree = BUILT_PRODUCTS_DIR; };
/* End PBXFileReference section */

/* Begin PBXFrameworksBuildPhase section */
		4F8AB3A5197F010C00173E66 /* Frameworks */ = {
			isa = PBXFrameworksBuildPhase;
			buildActionMask = 2147483647;
			files = (
				8DD128C61991608900B0F435 /* FacebookSDK.framework in Frameworks */,
				8DA4F596199024B40082A5C7 /* Accounts.framework in Frameworks */,
				8DA4F594199023ED0082A5C7 /* Twitter.framework in Frameworks */,
				8DA4F592199023E70082A5C7 /* Social.framework in Frameworks */,
				4F7E0F5A1981CDD500B793FD /* Accelerate.framework in Frameworks */,
				4F7E0F581981CDB900B793FD /* QuartzCore.framework in Frameworks */,
				4F8AB3AE197F010C00173E66 /* CoreGraphics.framework in Frameworks */,
				4F8AB3B0197F010C00173E66 /* UIKit.framework in Frameworks */,
				4F8AB3AC197F010C00173E66 /* Foundation.framework in Frameworks */,
				7EC95BE63E2D4A1691A65A83 /* libPods.a in Frameworks */,
			);
			runOnlyForDeploymentPostprocessing = 0;
		};
		4F8AB3C6197F010C00173E66 /* Frameworks */ = {
			isa = PBXFrameworksBuildPhase;
			buildActionMask = 2147483647;
			files = (
				4F8AB3CB197F010C00173E66 /* XCTest.framework in Frameworks */,
				4F8AB3CD197F010C00173E66 /* UIKit.framework in Frameworks */,
				4F8AB3CC197F010C00173E66 /* Foundation.framework in Frameworks */,
			);
			runOnlyForDeploymentPostprocessing = 0;
		};
/* End PBXFrameworksBuildPhase section */

/* Begin PBXGroup section */
		4F493E1C19A690B3008DDD2D /* Home */ = {
			isa = PBXGroup;
			children = (
				4FDB1AC9199170FD001601C6 /* HomeViewController.h */,
				4FDB1ACA199170FD001601C6 /* HomeViewController.m */,
				4F7EFD4119ABB69200C6461D /* DayCollectionViewCell.h */,
				4F7EFD4219ABB69200C6461D /* DayCollectionViewCell.m */,
				4F493E1D19A69152008DDD2D /* MeetingRoomCollectionViewCell.h */,
				4F493E1E19A69152008DDD2D /* MeetingRoomCollectionViewCell.m */,
				8D82ED9A19ABAA0000B4360D /* BookingStepsViewController.h */,
				8D82ED9B19ABAA0000B4360D /* BookingStepsViewController.m */,
				8D82ED9D19ABAF4F00B4360D /* BookingDetailsViewController.h */,
				8D82ED9E19ABAF4F00B4360D /* BookingDetailsViewController.m */,
				8D82EDA319ABAFE100B4360D /* BookingRoomViewController.h */,
				8D82EDA419ABAFE100B4360D /* BookingRoomViewController.m */,
				8D82EDA919ABF1AC00B4360D /* BookingAssistants */,
			);
			name = Home;
			sourceTree = "<group>";
		};
		4F493E2719A7C5BB008DDD2D /* Comments */ = {
			isa = PBXGroup;
			children = (
				8D7EE9B8198052D0000878FD /* SuggestionsViewController.h */,
				8D7EE9A0198005C4000878FD /* SuggestionsViewController.m */,
			);
			name = Comments;
			sourceTree = "<group>";
		};
		4F5E43861981854500E807ED /* Login */ = {
			isa = PBXGroup;
			children = (
				4F8AB3C0197F010C00173E66 /* LoginViewController.h */,
				4F8AB3C1197F010C00173E66 /* LoginViewController.m */,
				4F9C455419913101006ABC19 /* WelcomeViewController.h */,
				4F9C455519913101006ABC19 /* WelcomeViewController.m */,
			);
			name = Login;
			sourceTree = "<group>";
		};
		4F5E43871981866400E807ED /* Utilities */ = {
			isa = PBXGroup;
			children = (
				4F7E0F621982E33A00B793FD /* UIImage+ImageEffects.h */,
				4F7E0F631982E33A00B793FD /* UIImage+ImageEffects.m */,
				4F5E438B1981866400E807ED /* UIColor+Hex.h */,
				4F5E438C1981866400E807ED /* UIColor+Hex.m */,
				4F5E43881981866400E807ED /* FeedUserDefaults.h */,
				4F5E43891981866400E807ED /* FeedUserDefaults.m */,
				4F5E438A1981866400E807ED /* TypeDefs.h */,
				4F5E438D1981866400E807ED /* Utility.h */,
				4F5E438E1981866400E807ED /* Utility.m */,
			);
			path = Utilities;
			sourceTree = "<group>";
		};
		4F5E439219818E3F00E807ED /* Vendor */ = {
			isa = PBXGroup;
			children = (
				8D71E8E519A6365F0042349F /* DTCustomColoredAccessory */,
				8D71E8DC19A563140042349F /* DownloadIndicator */,
				8DD6A77F199C0FB5003074DA /* ImageEditor */,
				8DD128C7199160A500B0F435 /* FHSTwitterEngine */,
				8DD128CC199160A500B0F435 /* RoundImage */,
				4F7E0F4B1981C7E200B793FD /* PinPad */,
			);
			name = Vendor;
			sourceTree = "<group>";
		};
		4F7E0F4B1981C7E200B793FD /* PinPad */ = {
			isa = PBXGroup;
			children = (
				4F7E0F4C1981C7E200B793FD /* PPCircleButton.h */,
				4F7E0F4D1981C7E200B793FD /* PPCircleButton.m */,
				4F7E0F4E1981C7E200B793FD /* PPPinCircleView.h */,
				4F7E0F4F1981C7E200B793FD /* PPPinCircleView.m */,
				4F7E0F501981C7E200B793FD /* PPPinPadViewController.h */,
				4F7E0F511981C7E200B793FD /* PPPinPadViewController.m */,
				4F7E0F521981C7E200B793FD /* PPPinPadViewController.xib */,
			);
			name = PinPad;
			path = Vendor/PinPad;
			sourceTree = "<group>";
		};
		4F7E0F5B1981D58400B793FD /* Backend */ = {
			isa = PBXGroup;
			children = (
				4F7E0F5C1981D58400B793FD /* WebService.h */,
				4F7E0F5D1981D58400B793FD /* WebService.m */,
			);
			path = Backend;
			sourceTree = "<group>";
		};
		4F8AB39F197F010C00173E66 = {
			isa = PBXGroup;
			children = (
				4F8AB3B1197F010C00173E66 /* Booking Room */,
				4F8AB3D0197F010C00173E66 /* Booking RoomTests */,
				4F8AB3AA197F010C00173E66 /* Frameworks */,
				4F8AB3A9197F010C00173E66 /* Products */,
				37D475F605364C69A3EFF6F1 /* Pods.xcconfig */,
			);
			sourceTree = "<group>";
		};
		4F8AB3A9197F010C00173E66 /* Products */ = {
			isa = PBXGroup;
			children = (
				4F8AB3A8197F010C00173E66 /* Booking Room.app */,
				4F8AB3C9197F010C00173E66 /* Booking RoomTests.xctest */,
			);
			name = Products;
			sourceTree = "<group>";
		};
		4F8AB3AA197F010C00173E66 /* Frameworks */ = {
			isa = PBXGroup;
			children = (
				8DD128D2199182A300B0F435 /* MobileCoreServices.framework */,
				8DD128C51991608900B0F435 /* FacebookSDK.framework */,
				8DA4F595199024B40082A5C7 /* Accounts.framework */,
				8DA4F593199023ED0082A5C7 /* Twitter.framework */,
				8DA4F591199023E70082A5C7 /* Social.framework */,
				4F7E0F591981CDD500B793FD /* Accelerate.framework */,
				4F7E0F571981CDB900B793FD /* QuartzCore.framework */,
				4F8AB3AB197F010C00173E66 /* Foundation.framework */,
				4F8AB3AD197F010C00173E66 /* CoreGraphics.framework */,
				4F8AB3AF197F010C00173E66 /* UIKit.framework */,
				4F8AB3CA197F010C00173E66 /* XCTest.framework */,
				D16CA358B45747B49D6952BE /* libPods.a */,
			);
			name = Frameworks;
			sourceTree = "<group>";
		};
		4F8AB3B1197F010C00173E66 /* Booking Room */ = {
			isa = PBXGroup;
			children = (
				4F8AB3BA197F010C00173E66 /* AppDelegate.h */,
				4F8AB3BB197F010C00173E66 /* AppDelegate.m */,
				4F8AB3BD197F010C00173E66 /* Main.storyboard */,
				4F7E0F5B1981D58400B793FD /* Backend */,
				4F5E43871981866400E807ED /* Utilities */,
				8D7EE992197F2622000878FD /* Models */,
				8D7EE986197F161D000878FD /* ViewControllers */,
				4F5E439219818E3F00E807ED /* Vendor */,
				8D7EE98E197F1E66000878FD /* Assets */,
				4F8AB3B2197F010C00173E66 /* Supporting Files */,
			);
			path = "Booking Room";
			sourceTree = "<group>";
		};
		4F8AB3B2197F010C00173E66 /* Supporting Files */ = {
			isa = PBXGroup;
			children = (
				4F8AB3B3197F010C00173E66 /* Booking Room-Info.plist */,
				4F8AB3B4197F010C00173E66 /* InfoPlist.strings */,
				8D7EE9B519802889000878FD /* Localizable.strings */,
				4F8AB3B7197F010C00173E66 /* main.m */,
				4F8AB3B9197F010C00173E66 /* Booking Room-Prefix.pch */,
			);
			name = "Supporting Files";
			sourceTree = "<group>";
		};
		4F8AB3D0197F010C00173E66 /* Booking RoomTests */ = {
			isa = PBXGroup;
			children = (
				4F8AB3D6197F010C00173E66 /* Booking_RoomTests.m */,
				4F8AB3D1197F010C00173E66 /* Supporting Files */,
			);
			path = "Booking RoomTests";
			sourceTree = "<group>";
		};
		4F8AB3D1197F010C00173E66 /* Supporting Files */ = {
			isa = PBXGroup;
			children = (
				4F8AB3D2197F010C00173E66 /* Booking RoomTests-Info.plist */,
				4F8AB3D3197F010C00173E66 /* InfoPlist.strings */,
			);
			name = "Supporting Files";
			sourceTree = "<group>";
		};
		4F9C4553199025DD006ABC19 /* Main Navigation Controller */ = {
			isa = PBXGroup;
			children = (
				4F9C4550199025D8006ABC19 /* MainNavigationController.h */,
				4F9C4551199025D8006ABC19 /* MainNavigationController.m */,
			);
			name = "Main Navigation Controller";
			sourceTree = "<group>";
		};
		8D19DF911992B13100F75F75 /* MyBookings */ = {
			isa = PBXGroup;
			children = (
				8D7EE99919800585000878FD /* MyBookingsViewController.h */,
				8D7EE99A19800585000878FD /* MyBookingsViewController.m */,
				8D439B35199AB9FB00D5249D /* MyBookingsTableViewCell.h */,
				8D439B36199AB9FB00D5249D /* MyBookingsTableViewCell.m */,
			);
			name = MyBookings;
			sourceTree = "<group>";
		};
		8D316C7B19816F2C00E4C21C /* MeetingRooms */ = {
			isa = PBXGroup;
			children = (
				4F7E0F391981B2E000B793FD /* room1front.png */,
				4F7E0F3A1981B2E000B793FD /* room2front.png */,
				4F7E0F3B1981B2E000B793FD /* room3front.png */,
			);
			name = MeetingRooms;
			sourceTree = "<group>";
		};
		8D71E8DC19A563140042349F /* DownloadIndicator */ = {
			isa = PBXGroup;
			children = (
				8D71E8DD19A563140042349F /* RMDisplayLabel.h */,
				8D71E8DE19A563140042349F /* RMDisplayLabel.m */,
				8D71E8DF19A563140042349F /* RMDownloadIndicator.h */,
				8D71E8E019A563140042349F /* RMDownloadIndicator.m */,
			);
			name = DownloadIndicator;
			path = Vendor/DownloadIndicator;
			sourceTree = "<group>";
		};
		8D71E8E519A6365F0042349F /* DTCustomColoredAccessory */ = {
			isa = PBXGroup;
			children = (
				8D71E8E619A636790042349F /* DTCustomColoredAccessory.h */,
				8D71E8E719A636790042349F /* DTCustomColoredAccessory.m */,
			);
			name = DTCustomColoredAccessory;
			path = Vendor/DTCustomColoredAccessory;
			sourceTree = "<group>";
		};
		8D7EE986197F161D000878FD /* ViewControllers */ = {
			isa = PBXGroup;
			children = (
				4F9C4553199025DD006ABC19 /* Main Navigation Controller */,
				4F5E43861981854500E807ED /* Login */,
				8D7EE987197F163F000878FD /* Menu */,
				4F493E1C19A690B3008DDD2D /* Home */,
				8D19DF911992B13100F75F75 /* MyBookings */,
				8D7EE9B919805BEE000878FD /* MeetingRooms */,
				4F493E2719A7C5BB008DDD2D /* Comments */,
			);
			name = ViewControllers;
			sourceTree = "<group>";
		};
		8D7EE987197F163F000878FD /* Menu */ = {
			isa = PBXGroup;
			children = (
				8D7EE988197F169E000878FD /* RootViewController.h */,
				8D7EE989197F169E000878FD /* RootViewController.m */,
				8D7EE98B197F1804000878FD /* LeftMenuViewController.h */,
				8D7EE98C197F1804000878FD /* LeftMenuViewController.m */,
				8D7EE98F197F25E5000878FD /* MenuTableViewCell.h */,
				8D7EE990197F25E5000878FD /* MenuTableViewCell.m */,
				8DD6A787199C100B003074DA /* ImageEditorViewController.h */,
				8DD6A788199C100B003074DA /* ImageEditorViewController.m */,
			);
			name = Menu;
			sourceTree = "<group>";
		};
		8D7EE98E197F1E66000878FD /* Assets */ = {
			isa = PBXGroup;
			children = (
				4F493E2519A7BA69008DDD2D /* Images.xcassets */,
				8D316C7B19816F2C00E4C21C /* MeetingRooms */,
			);
			name = Assets;
			sourceTree = "<group>";
		};
		8D7EE992197F2622000878FD /* Models */ = {
			isa = PBXGroup;
			children = (
				8D7EE993197F2631000878FD /* MenuItem.h */,
				8D7EE994197F2631000878FD /* MenuItem.m */,
				8D7EE9BD19805D6D000878FD /* MeetingRoom.h */,
				8D7EE9BE19805D6D000878FD /* MeetingRoom.m */,
				4F7E0F5F1982B9D900B793FD /* User.h */,
				4F7E0F601982B9D900B793FD /* User.m */,
				8DA4867B1992CBFF00C350F1 /* Booking.h */,
				8DA4867C1992CBFF00C350F1 /* Booking.m */,
				8D439B29199AB8A200D5249D /* Car.h */,
				8D439B2A199AB8A200D5249D /* Car.m */,
				8D439B2B199AB8A200D5249D /* Person.h */,
				8D439B2C199AB8A200D5249D /* Person.m */,
				8D439B2D199AB8A200D5249D /* Photo.h */,
				8D439B2E199AB8A200D5249D /* Photo.m */,
				8D439B2F199AB8A200D5249D /* Service.h */,
				8D439B30199AB8A200D5249D /* Service.m */,
			);
			name = Models;
			sourceTree = "<group>";
		};
		8D7EE9B919805BEE000878FD /* MeetingRooms */ = {
			isa = PBXGroup;
			children = (
				8D7EE99C1980059E000878FD /* BookingRoomsViewController.h */,
				8D7EE99D1980059E000878FD /* BookingRoomsViewController.m */,
				8D7EE9BA19805C59000878FD /* BookingRoomTableViewCell.h */,
				8D7EE9BB19805C5A000878FD /* BookingRoomTableViewCell.m */,
				8D316C7419807F9200E4C21C /* RoomDetailsViewController.h */,
				8D316C7519807F9200E4C21C /* RoomDetailsViewController.m */,
				8D439B38199AC52F00D5249D /* RoomDetailsCollectionViewCell.h */,
				8D439B39199AC52F00D5249D /* RoomDetailsCollectionViewCell.m */,
			);
			name = MeetingRooms;
			sourceTree = "<group>";
		};
		8D82EDA919ABF1AC00B4360D /* BookingAssistants */ = {
			isa = PBXGroup;
			children = (
				8D82EDA019ABAFA200B4360D /* BookingAssistantsViewController.h */,
				8D82EDA119ABAFA200B4360D /* BookingAssistantsViewController.m */,
				8D82EDA619ABDAAB00B4360D /* AssistantTableViewCell.h */,
				8D82EDA719ABDAAB00B4360D /* AssistantTableViewCell.m */,
				8D82EDAA19ABF6D100B4360D /* AddAssistentViewController.h */,
				8D82EDAB19ABF6D100B4360D /* AddAssistentViewController.m */,
			);
			name = BookingAssistants;
			sourceTree = "<group>";
		};
		8DD128C7199160A500B0F435 /* FHSTwitterEngine */ = {
			isa = PBXGroup;
			children = (
				8DD128C8199160A500B0F435 /* FHSStream.h */,
				8DD128C9199160A500B0F435 /* FHSStream.m */,
				8DD128CA199160A500B0F435 /* FHSTwitterEngine.h */,
				8DD128CB199160A500B0F435 /* FHSTwitterEngine.m */,
			);
			name = FHSTwitterEngine;
			path = Vendor/FHSTwitterEngine;
			sourceTree = "<group>";
		};
		8DD128CC199160A500B0F435 /* RoundImage */ = {
			isa = PBXGroup;
			children = (
				8DD128CD199160A500B0F435 /* RoundImageView.h */,
				8DD128CE199160A500B0F435 /* RoundImageView.m */,
			);
			name = RoundImage;
			path = Vendor/RoundImage;
			sourceTree = "<group>";
		};
		8DD6A77F199C0FB5003074DA /* ImageEditor */ = {
			isa = PBXGroup;
			children = (
				8DD6A780199C0FB5003074DA /* HFImageEditorFrameView.h */,
				8DD6A781199C0FB5003074DA /* HFImageEditorFrameView.m */,
				8DD6A782199C0FB5003074DA /* HFImageEditorViewController+Private.h */,
				8DD6A783199C0FB5003074DA /* HFImageEditorViewController.h */,
				8DD6A784199C0FB5003074DA /* HFImageEditorViewController.m */,
			);
			name = ImageEditor;
			path = Vendor/ImageEditor;
			sourceTree = "<group>";
		};
/* End PBXGroup section */

/* Begin PBXNativeTarget section */
		4F8AB3A7197F010C00173E66 /* Booking Room */ = {
			isa = PBXNativeTarget;
			buildConfigurationList = 4F8AB3DA197F010C00173E66 /* Build configuration list for PBXNativeTarget "Booking Room" */;
			buildPhases = (
				3ECB42505D184C45AF8B4E86 /* Check Pods Manifest.lock */,
				4F8AB3A4197F010C00173E66 /* Sources */,
				4F8AB3A5197F010C00173E66 /* Frameworks */,
				4F8AB3A6197F010C00173E66 /* Resources */,
				013A848080A34D68B6DE8347 /* Copy Pods Resources */,
			);
			buildRules = (
			);
			dependencies = (
			);
			name = "Booking Room";
			productName = "Booking Room";
			productReference = 4F8AB3A8197F010C00173E66 /* Booking Room.app */;
			productType = "com.apple.product-type.application";
		};
		4F8AB3C8197F010C00173E66 /* Booking RoomTests */ = {
			isa = PBXNativeTarget;
			buildConfigurationList = 4F8AB3DD197F010C00173E66 /* Build configuration list for PBXNativeTarget "Booking RoomTests" */;
			buildPhases = (
				4F8AB3C5197F010C00173E66 /* Sources */,
				4F8AB3C6197F010C00173E66 /* Frameworks */,
				4F8AB3C7197F010C00173E66 /* Resources */,
			);
			buildRules = (
			);
			dependencies = (
				4F8AB3CF197F010C00173E66 /* PBXTargetDependency */,
			);
			name = "Booking RoomTests";
			productName = "Booking RoomTests";
			productReference = 4F8AB3C9197F010C00173E66 /* Booking RoomTests.xctest */;
			productType = "com.apple.product-type.bundle.unit-test";
		};
/* End PBXNativeTarget section */

/* Begin PBXProject section */
		4F8AB3A0197F010C00173E66 /* Project object */ = {
			isa = PBXProject;
			attributes = {
				LastUpgradeCheck = 0510;
				ORGANIZATIONNAME = "Grupo Sellcom";
				TargetAttributes = {
					4F8AB3A7197F010C00173E66 = {
						DevelopmentTeam = 5Y9VQ7L5MZ;
					};
					4F8AB3C8197F010C00173E66 = {
						TestTargetID = 4F8AB3A7197F010C00173E66;
					};
				};
			};
			buildConfigurationList = 4F8AB3A3197F010C00173E66 /* Build configuration list for PBXProject "Booking Room" */;
			compatibilityVersion = "Xcode 3.2";
			developmentRegion = English;
			hasScannedForEncodings = 0;
			knownRegions = (
				en,
				Base,
				es,
			);
			mainGroup = 4F8AB39F197F010C00173E66;
			productRefGroup = 4F8AB3A9197F010C00173E66 /* Products */;
			projectDirPath = "";
			projectRoot = "";
			targets = (
				4F8AB3A7197F010C00173E66 /* Booking Room */,
				4F8AB3C8197F010C00173E66 /* Booking RoomTests */,
			);
		};
/* End PBXProject section */

/* Begin PBXResourcesBuildPhase section */
		4F8AB3A6197F010C00173E66 /* Resources */ = {
			isa = PBXResourcesBuildPhase;
			buildActionMask = 2147483647;
			files = (
				4F7E0F3E1981B2E000B793FD /* room3front.png in Resources */,
				4F493E2619A7BA69008DDD2D /* Images.xcassets in Resources */,
				4F7E0F3D1981B2E000B793FD /* room2front.png in Resources */,
				4F7E0F3C1981B2E000B793FD /* room1front.png in Resources */,
				4F7E0F321981AE8D00B793FD /* InfoPlist.strings in Resources */,
				8D7EE9B319802889000878FD /* Localizable.strings in Resources */,
				4F8AB3BF197F010C00173E66 /* Main.storyboard in Resources */,
				4F7E0F561981C7E200B793FD /* PPPinPadViewController.xib in Resources */,
			);
			runOnlyForDeploymentPostprocessing = 0;
		};
		4F8AB3C7197F010C00173E66 /* Resources */ = {
			isa = PBXResourcesBuildPhase;
			buildActionMask = 2147483647;
			files = (
				4F8AB3D5197F010C00173E66 /* InfoPlist.strings in Resources */,
			);
			runOnlyForDeploymentPostprocessing = 0;
		};
/* End PBXResourcesBuildPhase section */

/* Begin PBXShellScriptBuildPhase section */
		013A848080A34D68B6DE8347 /* Copy Pods Resources */ = {
			isa = PBXShellScriptBuildPhase;
			buildActionMask = 2147483647;
			files = (
			);
			inputPaths = (
			);
			name = "Copy Pods Resources";
			outputPaths = (
			);
			runOnlyForDeploymentPostprocessing = 0;
			shellPath = /bin/sh;
			shellScript = "\"${SRCROOT}/Pods/Pods-resources.sh\"\n";
			showEnvVarsInLog = 0;
		};
		3ECB42505D184C45AF8B4E86 /* Check Pods Manifest.lock */ = {
			isa = PBXShellScriptBuildPhase;
			buildActionMask = 2147483647;
			files = (
			);
			inputPaths = (
			);
			name = "Check Pods Manifest.lock";
			outputPaths = (
			);
			runOnlyForDeploymentPostprocessing = 0;
			shellPath = /bin/sh;
			shellScript = "diff \"${PODS_ROOT}/../Podfile.lock\" \"${PODS_ROOT}/Manifest.lock\" > /dev/null\nif [[ $? != 0 ]] ; then\n    cat << EOM\nerror: The sandbox is not in sync with the Podfile.lock. Run 'pod install' or update your CocoaPods installation.\nEOM\n    exit 1\nfi\n";
			showEnvVarsInLog = 0;
		};
/* End PBXShellScriptBuildPhase section */

/* Begin PBXSourcesBuildPhase section */
		4F8AB3A4197F010C00173E66 /* Sources */ = {
			isa = PBXSourcesBuildPhase;
			buildActionMask = 2147483647;
			files = (
				4FC01D04199A8E2800EB098D /* RoundImageView.m in Sources */,
				8DD6A785199C0FB5003074DA /* HFImageEditorFrameView.m in Sources */,
				4F5E43901981866400E807ED /* UIColor+Hex.m in Sources */,
				8D316C7619807F9200E4C21C /* RoomDetailsViewController.m in Sources */,
				8D439B34199AB8A200D5249D /* Service.m in Sources */,
				4F7EFD4319ABB69200C6461D /* DayCollectionViewCell.m in Sources */,
				8DD6A789199C100B003074DA /* ImageEditorViewController.m in Sources */,
				8D71E8E819A636790042349F /* DTCustomColoredAccessory.m in Sources */,
				4F5E438F1981866400E807ED /* FeedUserDefaults.m in Sources */,
				4F7E0F551981C7E200B793FD /* PPPinPadViewController.m in Sources */,
				4F7E0F531981C7E200B793FD /* PPCircleButton.m in Sources */,
				4F8AB3C2197F010C00173E66 /* LoginViewController.m in Sources */,
				8D439B37199AB9FB00D5249D /* MyBookingsTableViewCell.m in Sources */,
				8D7EE9A1198005C4000878FD /* SuggestionsViewController.m in Sources */,
				4F8AB3BC197F010C00173E66 /* AppDelegate.m in Sources */,
				4F7E0F641982E33A00B793FD /* UIImage+ImageEffects.m in Sources */,
				8D7EE98A197F169E000878FD /* RootViewController.m in Sources */,
				8DA4867D1992CBFF00C350F1 /* Booking.m in Sources */,
				8D7EE995197F2631000878FD /* MenuItem.m in Sources */,
				8D7EE98D197F1804000878FD /* LeftMenuViewController.m in Sources */,
				4F5E43911981866400E807ED /* Utility.m in Sources */,
				4F9C455619913101006ABC19 /* WelcomeViewController.m in Sources */,
				8D82EDA519ABAFE100B4360D /* BookingRoomViewController.m in Sources */,
				8D439B31199AB8A200D5249D /* Car.m in Sources */,
				4F7E0F611982B9D900B793FD /* User.m in Sources */,
				8D82ED9F19ABAF4F00B4360D /* BookingDetailsViewController.m in Sources */,
				4F9C4552199025D8006ABC19 /* MainNavigationController.m in Sources */,
				4F7E0F5E1981D58400B793FD /* WebService.m in Sources */,
				8D7EE9BF19805D6D000878FD /* MeetingRoom.m in Sources */,
				8D82ED9C19ABAA0000B4360D /* BookingStepsViewController.m in Sources */,
				8D82EDAC19ABF6D100B4360D /* AddAssistentViewController.m in Sources */,
				8D7EE991197F25E5000878FD /* MenuTableViewCell.m in Sources */,
				8D439B3A199AC52F00D5249D /* RoomDetailsCollectionViewCell.m in Sources */,
				8DD128D0199160A500B0F435 /* FHSTwitterEngine.m in Sources */,
				8D71E8E219A563140042349F /* RMDownloadIndicator.m in Sources */,
				8D71E8E119A563140042349F /* RMDisplayLabel.m in Sources */,
				4F8AB3B8197F010C00173E66 /* main.m in Sources */,
				4F493E1F19A69152008DDD2D /* MeetingRoomCollectionViewCell.m in Sources */,
				8D7EE99B19800585000878FD /* MyBookingsViewController.m in Sources */,
				4F7E0F541981C7E200B793FD /* PPPinCircleView.m in Sources */,
				8D439B32199AB8A200D5249D /* Person.m in Sources */,
				8D82EDA819ABDAAB00B4360D /* AssistantTableViewCell.m in Sources */,
				4FDB1ACB199170FD001601C6 /* HomeViewController.m in Sources */,
				8DD6A786199C0FB5003074DA /* HFImageEditorViewController.m in Sources */,
				8D82EDA219ABAFA200B4360D /* BookingAssistantsViewController.m in Sources */,
				8D7EE9BC19805C5A000878FD /* BookingRoomTableViewCell.m in Sources */,
				8DD128CF199160A500B0F435 /* FHSStream.m in Sources */,
				8D439B33199AB8A200D5249D /* Photo.m in Sources */,
				8D7EE99E1980059E000878FD /* BookingRoomsViewController.m in Sources */,
			);
			runOnlyForDeploymentPostprocessing = 0;
		};
		4F8AB3C5197F010C00173E66 /* Sources */ = {
			isa = PBXSourcesBuildPhase;
			buildActionMask = 2147483647;
			files = (
				4F8AB3D7197F010C00173E66 /* Booking_RoomTests.m in Sources */,
			);
			runOnlyForDeploymentPostprocessing = 0;
		};
/* End PBXSourcesBuildPhase section */

/* Begin PBXTargetDependency section */
		4F8AB3CF197F010C00173E66 /* PBXTargetDependency */ = {
			isa = PBXTargetDependency;
			target = 4F8AB3A7197F010C00173E66 /* Booking Room */;
			targetProxy = 4F8AB3CE197F010C00173E66 /* PBXContainerItemProxy */;
		};
/* End PBXTargetDependency section */

/* Begin PBXVariantGroup section */
		4F8AB3B4197F010C00173E66 /* InfoPlist.strings */ = {
			isa = PBXVariantGroup;
			children = (
				8D7EE9AD198025D7000878FD /* es */,
			);
			name = InfoPlist.strings;
			sourceTree = "<group>";
		};
		4F8AB3BD197F010C00173E66 /* Main.storyboard */ = {
			isa = PBXVariantGroup;
			children = (
				4F8AB3BE197F010C00173E66 /* Base */,
				8D7EE9AC198025D7000878FD /* es */,
				8D7EE9B019802636000878FD /* en */,
			);
			name = Main.storyboard;
			sourceTree = "<group>";
		};
		4F8AB3D3197F010C00173E66 /* InfoPlist.strings */ = {
			isa = PBXVariantGroup;
			children = (
				4F8AB3D4197F010C00173E66 /* en */,
				8D7EE9AE198025D7000878FD /* es */,
			);
			name = InfoPlist.strings;
			sourceTree = "<group>";
		};
		8D7EE9B519802889000878FD /* Localizable.strings */ = {
			isa = PBXVariantGroup;
			children = (
				8D7EE9B61980288E000878FD /* Base */,
				8D7EE9B719802890000878FD /* es */,
				4F7E0F311981A4AC00B793FD /* en */,
			);
			name = Localizable.strings;
			sourceTree = "<group>";
		};
/* End PBXVariantGroup section */

/* Begin XCBuildConfiguration section */
		4F8AB3D8197F010C00173E66 /* Debug */ = {
			isa = XCBuildConfiguration;
			buildSettings = {
				ALWAYS_SEARCH_USER_PATHS = NO;
				CLANG_CXX_LANGUAGE_STANDARD = "gnu++0x";
				CLANG_CXX_LIBRARY = "libc++";
				CLANG_ENABLE_MODULES = YES;
				CLANG_ENABLE_OBJC_ARC = YES;
				CLANG_WARN_BOOL_CONVERSION = YES;
				CLANG_WARN_CONSTANT_CONVERSION = YES;
				CLANG_WARN_DIRECT_OBJC_ISA_USAGE = YES_ERROR;
				CLANG_WARN_EMPTY_BODY = YES;
				CLANG_WARN_ENUM_CONVERSION = YES;
				CLANG_WARN_INT_CONVERSION = YES;
				CLANG_WARN_OBJC_ROOT_CLASS = YES_ERROR;
				CLANG_WARN__DUPLICATE_METHOD_MATCH = YES;
				"CODE_SIGN_IDENTITY[sdk=iphoneos*]" = "iPhone Developer";
				COPY_PHASE_STRIP = NO;
				GCC_C_LANGUAGE_STANDARD = gnu99;
				GCC_DYNAMIC_NO_PIC = NO;
				GCC_OPTIMIZATION_LEVEL = 0;
				GCC_PREPROCESSOR_DEFINITIONS = (
					"DEBUG=1",
					"$(inherited)",
				);
				GCC_SYMBOLS_PRIVATE_EXTERN = NO;
				GCC_WARN_64_TO_32_BIT_CONVERSION = YES;
				GCC_WARN_ABOUT_RETURN_TYPE = YES_ERROR;
				GCC_WARN_UNDECLARED_SELECTOR = YES;
				GCC_WARN_UNINITIALIZED_AUTOS = YES_AGGRESSIVE;
				GCC_WARN_UNUSED_FUNCTION = YES;
				GCC_WARN_UNUSED_VARIABLE = YES;
				IPHONEOS_DEPLOYMENT_TARGET = 7.1;
				ONLY_ACTIVE_ARCH = YES;
				SDKROOT = iphoneos;
			};
			name = Debug;
		};
		4F8AB3D9197F010C00173E66 /* Release */ = {
			isa = XCBuildConfiguration;
			buildSettings = {
				ALWAYS_SEARCH_USER_PATHS = NO;
				CLANG_CXX_LANGUAGE_STANDARD = "gnu++0x";
				CLANG_CXX_LIBRARY = "libc++";
				CLANG_ENABLE_MODULES = YES;
				CLANG_ENABLE_OBJC_ARC = YES;
				CLANG_WARN_BOOL_CONVERSION = YES;
				CLANG_WARN_CONSTANT_CONVERSION = YES;
				CLANG_WARN_DIRECT_OBJC_ISA_USAGE = YES_ERROR;
				CLANG_WARN_EMPTY_BODY = YES;
				CLANG_WARN_ENUM_CONVERSION = YES;
				CLANG_WARN_INT_CONVERSION = YES;
				CLANG_WARN_OBJC_ROOT_CLASS = YES_ERROR;
				CLANG_WARN__DUPLICATE_METHOD_MATCH = YES;
				"CODE_SIGN_IDENTITY[sdk=iphoneos*]" = "iPhone Developer";
				COPY_PHASE_STRIP = YES;
				ENABLE_NS_ASSERTIONS = NO;
				GCC_C_LANGUAGE_STANDARD = gnu99;
				GCC_WARN_64_TO_32_BIT_CONVERSION = YES;
				GCC_WARN_ABOUT_RETURN_TYPE = YES_ERROR;
				GCC_WARN_UNDECLARED_SELECTOR = YES;
				GCC_WARN_UNINITIALIZED_AUTOS = YES_AGGRESSIVE;
				GCC_WARN_UNUSED_FUNCTION = YES;
				GCC_WARN_UNUSED_VARIABLE = YES;
				IPHONEOS_DEPLOYMENT_TARGET = 7.1;
				SDKROOT = iphoneos;
				VALIDATE_PRODUCT = YES;
			};
			name = Release;
		};
		4F8AB3DB197F010C00173E66 /* Debug */ = {
			isa = XCBuildConfiguration;
			baseConfigurationReference = 37D475F605364C69A3EFF6F1 /* Pods.xcconfig */;
			buildSettings = {
				ASSETCATALOG_COMPILER_APPICON_NAME = AppIcon;
				ASSETCATALOG_COMPILER_LAUNCHIMAGE_NAME = LaunchImage;
				CODE_SIGN_IDENTITY = "iPhone Developer: Angel Solorio (JP2JTXGBEE)";
				"CODE_SIGN_IDENTITY[sdk=iphoneos*]" = "iPhone Developer: Angel Solorio (JP2JTXGBEE)";
				FRAMEWORK_SEARCH_PATHS = (
					"$(inherited)",
					"$(PROJECT_DIR)",
				);
				GCC_PRECOMPILE_PREFIX_HEADER = YES;
				GCC_PREFIX_HEADER = "Booking Room/Booking Room-Prefix.pch";
				INFOPLIST_FILE = "Booking Room/Booking Room-Info.plist";
				IPHONEOS_DEPLOYMENT_TARGET = 7.0;
				OTHER_LDFLAGS = (
					"-ObjC",
					"-framework",
					CoreGraphics,
					"-framework",
					MobileCoreServices,
					"-framework",
					QuartzCore,
					"-framework",
					Security,
					"-framework",
					SystemConfiguration,
				);
				PRODUCT_NAME = "$(TARGET_NAME)";
				PROVISIONING_PROFILE = "d1305868-7228-4583-9e33-e58e0cc45de1";
				TARGETED_DEVICE_FAMILY = 1;
				WRAPPER_EXTENSION = app;
			};
			name = Debug;
		};
		4F8AB3DC197F010C00173E66 /* Release */ = {
			isa = XCBuildConfiguration;
			baseConfigurationReference = 37D475F605364C69A3EFF6F1 /* Pods.xcconfig */;
			buildSettings = {
				ASSETCATALOG_COMPILER_APPICON_NAME = AppIcon;
				ASSETCATALOG_COMPILER_LAUNCHIMAGE_NAME = LaunchImage;
				CODE_SIGN_IDENTITY = "iPhone Developer: Angel Solorio (JP2JTXGBEE)";
				"CODE_SIGN_IDENTITY[sdk=iphoneos*]" = "iPhone Developer: Angel Solorio (JP2JTXGBEE)";
				FRAMEWORK_SEARCH_PATHS = (
					"$(inherited)",
					"$(PROJECT_DIR)",
				);
				GCC_PRECOMPILE_PREFIX_HEADER = YES;
				GCC_PREFIX_HEADER = "Booking Room/Booking Room-Prefix.pch";
				INFOPLIST_FILE = "Booking Room/Booking Room-Info.plist";
				IPHONEOS_DEPLOYMENT_TARGET = 7.0;
				OTHER_LDFLAGS = (
					"-ObjC",
					"-framework",
					CoreGraphics,
					"-framework",
					MobileCoreServices,
					"-framework",
					QuartzCore,
					"-framework",
					Security,
					"-framework",
					SystemConfiguration,
				);
				PRODUCT_NAME = "$(TARGET_NAME)";
				PROVISIONING_PROFILE = "d1305868-7228-4583-9e33-e58e0cc45de1";
				TARGETED_DEVICE_FAMILY = 1;
				WRAPPER_EXTENSION = app;
			};
			name = Release;
		};
		4F8AB3DE197F010C00173E66 /* Debug */ = {
			isa = XCBuildConfiguration;
			buildSettings = {
				BUNDLE_LOADER = "$(BUILT_PRODUCTS_DIR)/Booking Room.app/Booking Room";
				FRAMEWORK_SEARCH_PATHS = (
					"$(SDKROOT)/Developer/Library/Frameworks",
					"$(inherited)",
					"$(DEVELOPER_FRAMEWORKS_DIR)",
				);
				GCC_PRECOMPILE_PREFIX_HEADER = YES;
				GCC_PREFIX_HEADER = "Booking Room/Booking Room-Prefix.pch";
				GCC_PREPROCESSOR_DEFINITIONS = (
					"DEBUG=1",
					"$(inherited)",
				);
				INFOPLIST_FILE = "Booking RoomTests/Booking RoomTests-Info.plist";
				PRODUCT_NAME = "$(TARGET_NAME)";
				TEST_HOST = "$(BUNDLE_LOADER)";
				WRAPPER_EXTENSION = xctest;
			};
			name = Debug;
		};
		4F8AB3DF197F010C00173E66 /* Release */ = {
			isa = XCBuildConfiguration;
			buildSettings = {
				BUNDLE_LOADER = "$(BUILT_PRODUCTS_DIR)/Booking Room.app/Booking Room";
				FRAMEWORK_SEARCH_PATHS = (
					"$(SDKROOT)/Developer/Library/Frameworks",
					"$(inherited)",
					"$(DEVELOPER_FRAMEWORKS_DIR)",
				);
				GCC_PRECOMPILE_PREFIX_HEADER = YES;
				GCC_PREFIX_HEADER = "Booking Room/Booking Room-Prefix.pch";
				INFOPLIST_FILE = "Booking RoomTests/Booking RoomTests-Info.plist";
				PRODUCT_NAME = "$(TARGET_NAME)";
				TEST_HOST = "$(BUNDLE_LOADER)";
				WRAPPER_EXTENSION = xctest;
			};
			name = Release;
		};
/* End XCBuildConfiguration section */

/* Begin XCConfigurationList section */
		4F8AB3A3197F010C00173E66 /* Build configuration list for PBXProject "Booking Room" */ = {
			isa = XCConfigurationList;
			buildConfigurations = (
				4F8AB3D8197F010C00173E66 /* Debug */,
				4F8AB3D9197F010C00173E66 /* Release */,
			);
			defaultConfigurationIsVisible = 0;
			defaultConfigurationName = Release;
		};
		4F8AB3DA197F010C00173E66 /* Build configuration list for PBXNativeTarget "Booking Room" */ = {
			isa = XCConfigurationList;
			buildConfigurations = (
				4F8AB3DB197F010C00173E66 /* Debug */,
				4F8AB3DC197F010C00173E66 /* Release */,
			);
			defaultConfigurationIsVisible = 0;
			defaultConfigurationName = Release;
		};
		4F8AB3DD197F010C00173E66 /* Build configuration list for PBXNativeTarget "Booking RoomTests" */ = {
			isa = XCConfigurationList;
			buildConfigurations = (
				4F8AB3DE197F010C00173E66 /* Debug */,
				4F8AB3DF197F010C00173E66 /* Release */,
			);
			defaultConfigurationIsVisible = 0;
			defaultConfigurationName = Release;
		};
/* End XCConfigurationList section */
	};
	rootObject = 4F8AB3A0197F010C00173E66 /* Project object */;
}
